// !$*UTF8*$!
{
	archiveVersion = 1;
	classes = {
	};
	objectVersion = 46;
	objects = {

/* Begin PBXBuildFile section */
		6D4BC6620F6AA97000B5E480 /* Carbon.framework in Frameworks */ = {isa = PBXBuildFile; fileRef = 6D4BC6610F6AA97000B5E480 /* Carbon.framework */; };
		6DA077310EF6EF74008B837B /* OpenMeta.m in Sources */ = {isa = PBXBuildFile; fileRef = 6DA0772F0EF6EF74008B837B /* OpenMeta.m */; };
		6DBE7D440FA21EEB00FAB8B4 /* OpenMetaPrefs.m in Sources */ = {isa = PBXBuildFile; fileRef = 6DBE7D430FA21EEB00FAB8B4 /* OpenMetaPrefs.m */; };
		8DD76F9A0486AA7600D96B5E /* main.m in Sources */ = {isa = PBXBuildFile; fileRef = 08FB7796FE84155DC02AAC07 /* main.m */; settings = {ATTRIBUTES = (); }; };
		8DD76F9C0486AA7600D96B5E /* Foundation.framework in Frameworks */ = {isa = PBXBuildFile; fileRef = 08FB779EFE84155DC02AAC07 /* Foundation.framework */; };
		DC38A53E1654319700E3BBDB /* Cocoa.framework in Frameworks */ = {isa = PBXBuildFile; fileRef = DC38A53D1654319700E3BBDB /* Cocoa.framework */; };
		DC38A5481654319700E3BBDB /* InfoPlist.strings in Resources */ = {isa = PBXBuildFile; fileRef = DC38A5461654319700E3BBDB /* InfoPlist.strings */; };
		DC38A553165431D000E3BBDB /* OpenMeta.m in Sources */ = {isa = PBXBuildFile; fileRef = 6DA0772F0EF6EF74008B837B /* OpenMeta.m */; };
		DC9B6DA018192E7C00D1DC4F /* OpenMeta.h in Headers */ = {isa = PBXBuildFile; fileRef = 6DA077300EF6EF74008B837B /* OpenMeta.h */; };
		DC9B6DA21819323700D1DC4F /* OpenMetaPrefs.m in Sources */ = {isa = PBXBuildFile; fileRef = 6DBE7D430FA21EEB00FAB8B4 /* OpenMetaPrefs.m */; };
		DC9B6DA41819328C00D1DC4F /* OpenMetaPrefs.h in Headers */ = {isa = PBXBuildFile; fileRef = 6DBE7D420FA21EEB00FAB8B4 /* OpenMetaPrefs.h */; };
/* End PBXBuildFile section */

/* Begin PBXCopyFilesBuildPhase section */
		8DD76F9E0486AA7600D96B5E /* CopyFiles */ = {
			isa = PBXCopyFilesBuildPhase;
			buildActionMask = 8;
			dstPath = /usr/share/man/man1/;
			dstSubfolderSpec = 0;
			files = (
			);
			runOnlyForDeploymentPostprocessing = 1;
		};
/* End PBXCopyFilesBuildPhase section */

/* Begin PBXFileReference section */
		08FB7796FE84155DC02AAC07 /* main.m */ = {isa = PBXFileReference; fileEncoding = 4; lastKnownFileType = sourcecode.c.objc; path = main.m; sourceTree = "<group>"; };
		08FB779EFE84155DC02AAC07 /* Foundation.framework */ = {isa = PBXFileReference; lastKnownFileType = wrapper.framework; name = Foundation.framework; path = /System/Library/Frameworks/Foundation.framework; sourceTree = "<absolute>"; };
		32A70AAB03705E1F00C91783 /* openmeta_Prefix.pch */ = {isa = PBXFileReference; fileEncoding = 4; lastKnownFileType = sourcecode.c.h; path = openmeta_Prefix.pch; sourceTree = "<group>"; };
		6D4BC6610F6AA97000B5E480 /* Carbon.framework */ = {isa = PBXFileReference; lastKnownFileType = wrapper.framework; name = Carbon.framework; path = /System/Library/Frameworks/Carbon.framework; sourceTree = "<absolute>"; };
		6DA0772F0EF6EF74008B837B /* OpenMeta.m */ = {isa = PBXFileReference; fileEncoding = 4; lastKnownFileType = sourcecode.c.objc; name = OpenMeta.m; path = ../OpenMeta.m; sourceTree = SOURCE_ROOT; };
		6DA077300EF6EF74008B837B /* OpenMeta.h */ = {isa = PBXFileReference; fileEncoding = 4; lastKnownFileType = sourcecode.c.h; name = OpenMeta.h; path = ../OpenMeta.h; sourceTree = SOURCE_ROOT; };
		6DBE7D420FA21EEB00FAB8B4 /* OpenMetaPrefs.h */ = {isa = PBXFileReference; fileEncoding = 4; lastKnownFileType = sourcecode.c.h; name = OpenMetaPrefs.h; path = ../OpenMetaPrefs.h; sourceTree = SOURCE_ROOT; };
		6DBE7D430FA21EEB00FAB8B4 /* OpenMetaPrefs.m */ = {isa = PBXFileReference; fileEncoding = 4; lastKnownFileType = sourcecode.c.objc; name = OpenMetaPrefs.m; path = ../OpenMetaPrefs.m; sourceTree = SOURCE_ROOT; };
		6DDF0C3A0F405DD80025CDBF /* openmeta.1 */ = {isa = PBXFileReference; fileEncoding = 4; lastKnownFileType = text.man; path = openmeta.1; sourceTree = "<group>"; };
		8DD76FA10486AA7600D96B5E /* openmeta */ = {isa = PBXFileReference; explicitFileType = "compiled.mach-o.executable"; includeInIndex = 0; path = openmeta; sourceTree = BUILT_PRODUCTS_DIR; };
		DC38A53B1654319700E3BBDB /* openmeta.framework */ = {isa = PBXFileReference; explicitFileType = wrapper.framework; includeInIndex = 0; path = openmeta.framework; sourceTree = BUILT_PRODUCTS_DIR; };
		DC38A53D1654319700E3BBDB /* Cocoa.framework */ = {isa = PBXFileReference; lastKnownFileType = wrapper.framework; name = Cocoa.framework; path = System/Library/Frameworks/Cocoa.framework; sourceTree = SDKROOT; };
		DC38A5401654319700E3BBDB /* AppKit.framework */ = {isa = PBXFileReference; lastKnownFileType = wrapper.framework; name = AppKit.framework; path = System/Library/Frameworks/AppKit.framework; sourceTree = SDKROOT; };
		DC38A5411654319700E3BBDB /* CoreData.framework */ = {isa = PBXFileReference; lastKnownFileType = wrapper.framework; name = CoreData.framework; path = System/Library/Frameworks/CoreData.framework; sourceTree = SDKROOT; };
		DC38A5421654319700E3BBDB /* Foundation.framework */ = {isa = PBXFileReference; lastKnownFileType = wrapper.framework; name = Foundation.framework; path = System/Library/Frameworks/Foundation.framework; sourceTree = SDKROOT; };
		DC38A5451654319700E3BBDB /* omtag-Info.plist */ = {isa = PBXFileReference; lastKnownFileType = text.plist.xml; path = "omtag-Info.plist"; sourceTree = "<group>"; };
		DC38A5471654319700E3BBDB /* en */ = {isa = PBXFileReference; lastKnownFileType = text.plist.strings; name = en; path = en.lproj/InfoPlist.strings; sourceTree = "<group>"; };
		DC38A5491654319700E3BBDB /* omtag-Prefix.pch */ = {isa = PBXFileReference; lastKnownFileType = sourcecode.c.h; path = "omtag-Prefix.pch"; sourceTree = "<group>"; };
		DC9B6D9B18192E5E00D1DC4F /* OpenMetaSync.h */ = {isa = PBXFileReference; fileEncoding = 4; lastKnownFileType = sourcecode.c.h; name = OpenMetaSync.h; path = ../OpenMetaSync.h; sourceTree = "<group>"; };
		DC9B6D9C18192E5E00D1DC4F /* OpenMetaSync.m */ = {isa = PBXFileReference; fileEncoding = 4; lastKnownFileType = sourcecode.c.objc; name = OpenMetaSync.m; path = ../OpenMetaSync.m; sourceTree = "<group>"; };
/* End PBXFileReference section */

/* Begin PBXFrameworksBuildPhase section */
		8DD76F9B0486AA7600D96B5E /* Frameworks */ = {
			isa = PBXFrameworksBuildPhase;
			buildActionMask = 2147483647;
			files = (
				8DD76F9C0486AA7600D96B5E /* Foundation.framework in Frameworks */,
				6D4BC6620F6AA97000B5E480 /* Carbon.framework in Frameworks */,
			);
			runOnlyForDeploymentPostprocessing = 0;
		};
		DC38A5371654319700E3BBDB /* Frameworks */ = {
			isa = PBXFrameworksBuildPhase;
			buildActionMask = 2147483647;
			files = (
				DC38A53E1654319700E3BBDB /* Cocoa.framework in Frameworks */,
			);
			runOnlyForDeploymentPostprocessing = 0;
		};
/* End PBXFrameworksBuildPhase section */

/* Begin PBXGroup section */
		08FB7794FE84155DC02AAC07 /* omtool */ = {
			isa = PBXGroup;
			children = (
				08FB7795FE84155DC02AAC07 /* Source */,
				C6859EA2029092E104C91782 /* Documentation */,
				08FB779DFE84155DC02AAC07 /* External Frameworks and Libraries */,
				DC38A53C1654319700E3BBDB /* Frameworks */,
				1AB674ADFE9D54B511CA2CBB /* Products */,
			);
			name = omtool;
			sourceTree = "<group>";
		};
		08FB7795FE84155DC02AAC07 /* Source */ = {
			isa = PBXGroup;
			children = (
				DC9B6D9B18192E5E00D1DC4F /* OpenMetaSync.h */,
				DC9B6D9C18192E5E00D1DC4F /* OpenMetaSync.m */,
				6DA0772F0EF6EF74008B837B /* OpenMeta.m */,
				6DA077300EF6EF74008B837B /* OpenMeta.h */,
				32A70AAB03705E1F00C91783 /* openmeta_Prefix.pch */,
				08FB7796FE84155DC02AAC07 /* main.m */,
				6DBE7D420FA21EEB00FAB8B4 /* OpenMetaPrefs.h */,
				6DBE7D430FA21EEB00FAB8B4 /* OpenMetaPrefs.m */,
			);
			name = Source;
			sourceTree = "<group>";
		};
		08FB779DFE84155DC02AAC07 /* External Frameworks and Libraries */ = {
			isa = PBXGroup;
			children = (
				6D4BC6610F6AA97000B5E480 /* Carbon.framework */,
				08FB779EFE84155DC02AAC07 /* Foundation.framework */,
			);
			name = "External Frameworks and Libraries";
			sourceTree = "<group>";
		};
		1AB674ADFE9D54B511CA2CBB /* Products */ = {
			isa = PBXGroup;
			children = (
				8DD76FA10486AA7600D96B5E /* openmeta */,
				DC38A53B1654319700E3BBDB /* openmeta.framework */,
			);
			name = Products;
			sourceTree = "<group>";
		};
		C6859EA2029092E104C91782 /* Documentation */ = {
			isa = PBXGroup;
			children = (
				6DDF0C3A0F405DD80025CDBF /* openmeta.1 */,
			);
			name = Documentation;
			sourceTree = "<group>";
		};
		DC38A53C1654319700E3BBDB /* Frameworks */ = {
			isa = PBXGroup;
			children = (
				DC38A5431654319700E3BBDB /* openmeta.framework */,
				DC38A53D1654319700E3BBDB /* Cocoa.framework */,
				DC38A53F1654319700E3BBDB /* Other Frameworks */,
			);
			name = Frameworks;
			sourceTree = "<group>";
		};
		DC38A53F1654319700E3BBDB /* Other Frameworks */ = {
			isa = PBXGroup;
			children = (
				DC38A5401654319700E3BBDB /* AppKit.framework */,
				DC38A5411654319700E3BBDB /* CoreData.framework */,
				DC38A5421654319700E3BBDB /* Foundation.framework */,
			);
			name = "Other Frameworks";
			sourceTree = "<group>";
		};
		DC38A5431654319700E3BBDB /* openmeta.framework */ = {
			isa = PBXGroup;
			children = (
				DC38A5441654319700E3BBDB /* Supporting Files */,
			);
			name = openmeta.framework;
			path = omtag;
			sourceTree = "<group>";
		};
		DC38A5441654319700E3BBDB /* Supporting Files */ = {
			isa = PBXGroup;
			children = (
				DC38A5451654319700E3BBDB /* omtag-Info.plist */,
				DC38A5461654319700E3BBDB /* InfoPlist.strings */,
				DC38A5491654319700E3BBDB /* omtag-Prefix.pch */,
			);
			name = "Supporting Files";
			sourceTree = "<group>";
		};
/* End PBXGroup section */

/* Begin PBXHeadersBuildPhase section */
		DC38A5381654319700E3BBDB /* Headers */ = {
			isa = PBXHeadersBuildPhase;
			buildActionMask = 2147483647;
			files = (
				DC9B6DA41819328C00D1DC4F /* OpenMetaPrefs.h in Headers */,
				DC9B6DA018192E7C00D1DC4F /* OpenMeta.h in Headers */,
			);
			runOnlyForDeploymentPostprocessing = 0;
		};
/* End PBXHeadersBuildPhase section */

/* Begin PBXNativeTarget section */
		8DD76F960486AA7600D96B5E /* openmeta */ = {
			isa = PBXNativeTarget;
			buildConfigurationList = 1DEB927408733DD40010E9CD /* Build configuration list for PBXNativeTarget "openmeta" */;
			buildPhases = (
				8DD76F990486AA7600D96B5E /* Sources */,
				8DD76F9B0486AA7600D96B5E /* Frameworks */,
				8DD76F9E0486AA7600D96B5E /* CopyFiles */,
			);
			buildRules = (
			);
			dependencies = (
			);
			name = openmeta;
			productInstallPath = "$(HOME)/bin";
			productName = omtool;
			productReference = 8DD76FA10486AA7600D96B5E /* openmeta */;
			productType = "com.apple.product-type.tool";
		};
		DC38A53A1654319700E3BBDB /* omtag */ = {
			isa = PBXNativeTarget;
			buildConfigurationList = DC38A54D1654319700E3BBDB /* Build configuration list for PBXNativeTarget "omtag" */;
			buildPhases = (
				DC38A5361654319700E3BBDB /* Sources */,
				DC38A5371654319700E3BBDB /* Frameworks */,
				DC38A5381654319700E3BBDB /* Headers */,
				DC38A5391654319700E3BBDB /* Resources */,
			);
			buildRules = (
			);
			dependencies = (
			);
			name = omtag;
			productName = omtag;
			productReference = DC38A53B1654319700E3BBDB /* openmeta.framework */;
			productType = "com.apple.product-type.framework";
		};
/* End PBXNativeTarget section */

/* Begin PBXProject section */
		08FB7793FE84155DC02AAC07 /* Project object */ = {
			isa = PBXProject;
			attributes = {
				LastUpgradeCheck = 0500;
			};
			buildConfigurationList = 1DEB927808733DD40010E9CD /* Build configuration list for PBXProject "openmeta" */;
			compatibilityVersion = "Xcode 3.2";
			developmentRegion = English;
			hasScannedForEncodings = 1;
			knownRegions = (
				en,
			);
			mainGroup = 08FB7794FE84155DC02AAC07 /* omtool */;
			projectDirPath = "";
			projectRoot = "";
			targets = (
				8DD76F960486AA7600D96B5E /* openmeta */,
				DC38A53A1654319700E3BBDB /* omtag */,
			);
		};
/* End PBXProject section */

/* Begin PBXResourcesBuildPhase section */
		DC38A5391654319700E3BBDB /* Resources */ = {
			isa = PBXResourcesBuildPhase;
			buildActionMask = 2147483647;
			files = (
				DC38A5481654319700E3BBDB /* InfoPlist.strings in Resources */,
			);
			runOnlyForDeploymentPostprocessing = 0;
		};
/* End PBXResourcesBuildPhase section */

/* Begin PBXSourcesBuildPhase section */
		8DD76F990486AA7600D96B5E /* Sources */ = {
			isa = PBXSourcesBuildPhase;
			buildActionMask = 2147483647;
			files = (
				8DD76F9A0486AA7600D96B5E /* main.m in Sources */,
				6DA077310EF6EF74008B837B /* OpenMeta.m in Sources */,
				6DBE7D440FA21EEB00FAB8B4 /* OpenMetaPrefs.m in Sources */,
			);
			runOnlyForDeploymentPostprocessing = 0;
		};
		DC38A5361654319700E3BBDB /* Sources */ = {
			isa = PBXSourcesBuildPhase;
			buildActionMask = 2147483647;
			files = (
				DC9B6DA21819323700D1DC4F /* OpenMetaPrefs.m in Sources */,
				DC38A553165431D000E3BBDB /* OpenMeta.m in Sources */,
			);
			runOnlyForDeploymentPostprocessing = 0;
		};
/* End PBXSourcesBuildPhase section */

/* Begin PBXVariantGroup section */
		DC38A5461654319700E3BBDB /* InfoPlist.strings */ = {
			isa = PBXVariantGroup;
			children = (
				DC38A5471654319700E3BBDB /* en */,
			);
			name = InfoPlist.strings;
			sourceTree = "<group>";
		};
/* End PBXVariantGroup section */

/* Begin XCBuildConfiguration section */
		1DEB927508733DD40010E9CD /* Debug */ = {
			isa = XCBuildConfiguration;
			buildSettings = {
				ALWAYS_SEARCH_USER_PATHS = NO;
				COPY_PHASE_STRIP = NO;
				GCC_DYNAMIC_NO_PIC = NO;
				GCC_MODEL_TUNING = G5;
				GCC_OPTIMIZATION_LEVEL = 0;
				GCC_PRECOMPILE_PREFIX_HEADER = YES;
				GCC_PREFIX_HEADER = openmeta_Prefix.pch;
				INSTALL_PATH = /usr/local/bin;
				PRODUCT_NAME = openmeta;
			};
			name = Debug;
		};
		1DEB927608733DD40010E9CD /* Release */ = {
			isa = XCBuildConfiguration;
			buildSettings = {
				ALWAYS_SEARCH_USER_PATHS = NO;
				DEBUG_INFORMATION_FORMAT = "dwarf-with-dsym";
				GCC_MODEL_TUNING = G5;
				GCC_PRECOMPILE_PREFIX_HEADER = YES;
				GCC_PREFIX_HEADER = openmeta_Prefix.pch;
				GCC_PREPROCESSOR_DEFINITIONS_NOT_USED_IN_PRECOMPS = "OPEN_META_NO_UI=1";
				INSTALL_PATH = /usr/local/bin;
				PRODUCT_NAME = openmeta;
			};
			name = Release;
		};
		1DEB927908733DD40010E9CD /* Debug */ = {
			isa = XCBuildConfiguration;
			buildSettings = {
				GCC_C_LANGUAGE_STANDARD = c99;
				GCC_OPTIMIZATION_LEVEL = 0;
				GCC_WARN_ABOUT_RETURN_TYPE = YES;
				GCC_WARN_UNUSED_VARIABLE = YES;
				ONLY_ACTIVE_ARCH = YES;
				SDKROOT = "";
			};
			name = Debug;
		};
		1DEB927A08733DD40010E9CD /* Release */ = {
			isa = XCBuildConfiguration;
			buildSettings = {
				GCC_C_LANGUAGE_STANDARD = c99;
				GCC_WARN_ABOUT_RETURN_TYPE = YES;
				GCC_WARN_UNUSED_VARIABLE = YES;
				SDKROOT = "";
			};
			name = Release;
		};
		DC38A54E1654319700E3BBDB /* Debug */ = {
			isa = XCBuildConfiguration;
			buildSettings = {
				ALWAYS_SEARCH_USER_PATHS = NO;
				CLANG_CXX_LANGUAGE_STANDARD = "gnu++0x";
				CLANG_CXX_LIBRARY = "libc++";
				CLANG_WARN_EMPTY_BODY = YES;
				CLANG_WARN__DUPLICATE_METHOD_MATCH = YES;
				COMBINE_HIDPI_IMAGES = YES;
				COPY_PHASE_STRIP = NO;
				DYLIB_COMPATIBILITY_VERSION = 1;
				DYLIB_CURRENT_VERSION = 1;
				FRAMEWORK_VERSION = A;
				GCC_C_LANGUAGE_STANDARD = gnu99;
				GCC_DYNAMIC_NO_PIC = NO;
				GCC_ENABLE_OBJC_EXCEPTIONS = YES;
				GCC_PRECOMPILE_PREFIX_HEADER = YES;
				GCC_PREFIX_HEADER = "omtag/omtag-Prefix.pch";
				GCC_PREPROCESSOR_DEFINITIONS = (
					"DEBUG=1",
					"$(inherited)",
				);
				GCC_SYMBOLS_PRIVATE_EXTERN = NO;
				GCC_WARN_64_TO_32_BIT_CONVERSION = YES;
				GCC_WARN_UNINITIALIZED_AUTOS = YES;
				INFOPLIST_FILE = "omtag/omtag-Info.plist";
				MACOSX_DEPLOYMENT_TARGET = "";
				OTHER_CFLAGS = "-fobjc-gc";
				PRODUCT_NAME = OpenMeta;
				SDKROOT = macosx;
				WRAPPER_EXTENSION = framework;
			};
			name = Debug;
		};
		DC38A54F1654319700E3BBDB /* Release */ = {
			isa = XCBuildConfiguration;
			buildSettings = {
				ALWAYS_SEARCH_USER_PATHS = NO;
				CLANG_CXX_LANGUAGE_STANDARD = "gnu++0x";
				CLANG_CXX_LIBRARY = "libc++";
				CLANG_WARN_EMPTY_BODY = YES;
				CLANG_WARN__DUPLICATE_METHOD_MATCH = YES;
				COMBINE_HIDPI_IMAGES = YES;
				COPY_PHASE_STRIP = YES;
				DEBUG_INFORMATION_FORMAT = "dwarf-with-dsym";
				DYLIB_COMPATIBILITY_VERSION = 1;
				DYLIB_CURRENT_VERSION = 1;
				FRAMEWORK_VERSION = A;
				GCC_C_LANGUAGE_STANDARD = gnu99;
				GCC_ENABLE_OBJC_EXCEPTIONS = YES;
				GCC_PRECOMPILE_PREFIX_HEADER = YES;
				GCC_PREFIX_HEADER = "omtag/omtag-Prefix.pch";
				GCC_WARN_64_TO_32_BIT_CONVERSION = YES;
				GCC_WARN_UNINITIALIZED_AUTOS = YES;
				INFOPLIST_FILE = "omtag/omtag-Info.plist";
				MACOSX_DEPLOYMENT_TARGET = "";
				OTHER_CFLAGS = "-fobjc-gc";
				PRODUCT_NAME = OpenMeta;
				SDKROOT = macosx;
				WRAPPER_EXTENSION = framework;
			};
			name = Release;
		};
/* End XCBuildConfiguration section */

/* Begin XCConfigurationList section */
		1DEB927408733DD40010E9CD /* Build configuration list for PBXNativeTarget "openmeta" */ = {
			isa = XCConfigurationList;
			buildConfigurations = (
				1DEB927508733DD40010E9CD /* Debug */,
				1DEB927608733DD40010E9CD /* Release */,
			);
			defaultConfigurationIsVisible = 0;
			defaultConfigurationName = Release;
		};
		1DEB927808733DD40010E9CD /* Build configuration list for PBXProject "openmeta" */ = {
			isa = XCConfigurationList;
			buildConfigurations = (
				1DEB927908733DD40010E9CD /* Debug */,
				1DEB927A08733DD40010E9CD /* Release */,
			);
			defaultConfigurationIsVisible = 0;
			defaultConfigurationName = Release;
		};
		DC38A54D1654319700E3BBDB /* Build configuration list for PBXNativeTarget "omtag" */ = {
			isa = XCConfigurationList;
			buildConfigurations = (
				DC38A54E1654319700E3BBDB /* Debug */,
				DC38A54F1654319700E3BBDB /* Release */,
			);
			defaultConfigurationIsVisible = 0;
			defaultConfigurationName = Release;
		};
/* End XCConfigurationList section */
	};
	rootObject = 08FB7793FE84155DC02AAC07 /* Project object */;
}
